
Microsoft Visual Studio Solution File, Format Version 12.00
# Visual Studio 2012
Project("{F184B08F-C81C-45F6-A57F-5ABD9991F28F}") = "ApiRpcExample", "ApiRpcExample.vbproj", "{BFBEE2B0-D990-4781-B2BA-321FF2D9B238}"
EndProject
Global
	GlobalSection(SolutionConfigurationPlatforms) = preSolution
		Debug|Any CPU = Debug|Any CPU
		Release|Any CPU = Release|Any CPU
	EndGlobalSection
	GlobalSection(ProjectConfigurationPlatforms) = postSolution
		{BFBEE2B0-D990-4781-B2BA-321FF2D9B238}.Debug|Any CPU.ActiveCfg = Debug|Any CPU
		{BFBEE2B0-D990-4781-B2BA-321FF2D9B238}.Debug|Any CPU.Build.0 = Debug|Any CPU
		{BFBEE2B0-D990-4781-B2BA-321FF2D9B238}.Release|Any CPU.ActiveCfg = Release|Any CPU
		{BFBEE2B0-D990-4781-B2BA-321FF2D9B238}.Release|Any CPU.Build.0 = Release|Any CPU
	EndGlobalSection
	GlobalSection(SolutionProperties) = preSolution
		HideSolutionNode = FALSE
	EndGlobalSection
EndGlobal
